github.com/gorilla/context v1.1.2 h1:WRkNAv2uoa03QNIc1A6u4O7DAGMUVoopZhkiXWA2V1o=
github.com/gorilla/context v1.1.2/go.mod h1:KDPwT9i/MeWHiLl90fuTgrt4/wPcv75vFAZLaOOcbxM=
github.com/gorilla/mux v1.8.1 h1:TuBL49tXwgrFYWhqrNgrUNEY92u81SPhu7sTdzQEiWY=
github.com/gorilla/mux v1.8.1/go.mod h1:AKf9I4AEqPTmMytcMc0KkNouC66V3BtZ4qD5fmWSiMQ=
github.com/gorilla/pat v1.0.2 h1:TDh/RulbnPxMQACcwbgMF5Bf00jaGoeYBNu+XUFuwtE=
github.com/gorilla/pat v1.0.2/go.mod h1:ioQ7dFQ2KXmOmWLJs6vZAfRikcm2D2JyuLrL9b5wVCg=
github.com/gorilla/schema v1.4.1 h1:jUg5hUjCSDZpNGLuXQOgIWGdlgrIdYvgQ0wZtdK1M3E=
github.com/gorilla/schema v1.4.1/go.mod h1:Dg5SSm5PV60mhF2NFaTV1xuYYj8tV8NOPRo4FggUMnM=
maragu.dev/gomponents v1.0.0 h1:eeLScjq4PqP1l+r5z/GC+xXZhLHXa6RWUWGW7gSfLh4=
maragu.dev/gomponents v1.0.0/go.mod h1:oEDahza2gZoXDoDHhw8jBNgH+3UR5ni7Ur648HORydM=
